
Microsoft Visual Studio Solution File, Format Version 12.00
# Visual Studio Version 17
VisualStudioVersion = 17.14.36203.30 d17.14
MinimumVisualStudioVersion = 10.0.40219.1
Project("{FAE04EC0-301F-11D3-BF4B-00C04F79EFBC}") = "PhyGen_SWD392", "PhyGen_SWD392\PhyGen_SWD392.csproj", "{B7EB310C-069D-4DF0-B50E-1974ABCFA5E8}"
EndProject
Global
	GlobalSection(SolutionConfigurationPlatforms) = preSolution
		Debug|Any CPU = Debug|Any CPU
		Release|Any CPU = Release|Any CPU
	EndGlobalSection
	GlobalSection(ProjectConfigurationPlatforms) = postSolution
		{B7EB310C-069D-4DF0-B50E-1974ABCFA5E8}.Debug|Any CPU.ActiveCfg = Debug|Any CPU
		{B7EB310C-069D-4DF0-B50E-1974ABCFA5E8}.Debug|Any CPU.Build.0 = Debug|Any CPU
		{B7EB310C-069D-4DF0-B50E-1974ABCFA5E8}.Release|Any CPU.ActiveCfg = Release|Any CPU
		{B7EB310C-069D-4DF0-B50E-1974ABCFA5E8}.Release|Any CPU.Build.0 = Release|Any CPU
	EndGlobalSection
	GlobalSection(SolutionProperties) = preSolution
		HideSolutionNode = FALSE
	EndGlobalSection
	GlobalSection(ExtensibilityGlobals) = postSolution
		SolutionGuid = {926B84CC-FC84-48B0-BF4D-A669A3883637}
	EndGlobalSection
EndGlobal
